
Microsoft Visual Studio Solution File, Format Version 12.00
# Visual Studio Version 17
VisualStudioVersion = 17.8.34525.116
MinimumVisualStudioVersion = 10.0.40219.1
Project("{FAE04EC0-301F-11D3-BF4B-00C04F79EFBC}") = "Entities", "Entities\Entities.csproj", "{89DBD559-7FDA-49FA-AA9C-654D63F8EA6C}"
EndProject
Project("{FAE04EC0-301F-11D3-BF4B-00C04F79EFBC}") = "DataAccess", "DataAccess\DataAccess.csproj", "{1C418D5E-34ED-4CD3-9AEA-DDA232729376}"
EndProject
Project("{FAE04EC0-301F-11D3-BF4B-00C04F79EFBC}") = "Business", "Business\Business.csproj", "{5F7D6CB1-389C-475F-8644-C02704FD408E}"
EndProject
Project("{FAE04EC0-301F-11D3-BF4B-00C04F79EFBC}") = "Main", "Main\Main.csproj", "{D140DA5B-3E9B-40C9-9FAD-23A15EDCE311}"
EndProject
Global
	GlobalSection(SolutionConfigurationPlatforms) = preSolution
		Debug|Any CPU = Debug|Any CPU
		Release|Any CPU = Release|Any CPU
	EndGlobalSection
	GlobalSection(ProjectConfigurationPlatforms) = postSolution
		{89DBD559-7FDA-49FA-AA9C-654D63F8EA6C}.Debug|Any CPU.ActiveCfg = Debug|Any CPU
		{89DBD559-7FDA-49FA-AA9C-654D63F8EA6C}.Debug|Any CPU.Build.0 = Debug|Any CPU
		{89DBD559-7FDA-49FA-AA9C-654D63F8EA6C}.Release|Any CPU.ActiveCfg = Release|Any CPU
		{89DBD559-7FDA-49FA-AA9C-654D63F8EA6C}.Release|Any CPU.Build.0 = Release|Any CPU
		{1C418D5E-34ED-4CD3-9AEA-DDA232729376}.Debug|Any CPU.ActiveCfg = Debug|Any CPU
		{1C418D5E-34ED-4CD3-9AEA-DDA232729376}.Debug|Any CPU.Build.0 = Debug|Any CPU
		{1C418D5E-34ED-4CD3-9AEA-DDA232729376}.Release|Any CPU.ActiveCfg = Release|Any CPU
		{1C418D5E-34ED-4CD3-9AEA-DDA232729376}.Release|Any CPU.Build.0 = Release|Any CPU
		{5F7D6CB1-389C-475F-8644-C02704FD408E}.Debug|Any CPU.ActiveCfg = Debug|Any CPU
		{5F7D6CB1-389C-475F-8644-C02704FD408E}.Debug|Any CPU.Build.0 = Debug|Any CPU
		{5F7D6CB1-389C-475F-8644-C02704FD408E}.Release|Any CPU.ActiveCfg = Release|Any CPU
		{5F7D6CB1-389C-475F-8644-C02704FD408E}.Release|Any CPU.Build.0 = Release|Any CPU
		{D140DA5B-3E9B-40C9-9FAD-23A15EDCE311}.Debug|Any CPU.ActiveCfg = Debug|Any CPU
		{D140DA5B-3E9B-40C9-9FAD-23A15EDCE311}.Debug|Any CPU.Build.0 = Debug|Any CPU
		{D140DA5B-3E9B-40C9-9FAD-23A15EDCE311}.Release|Any CPU.ActiveCfg = Release|Any CPU
		{D140DA5B-3E9B-40C9-9FAD-23A15EDCE311}.Release|Any CPU.Build.0 = Release|Any CPU
	EndGlobalSection
	GlobalSection(SolutionProperties) = preSolution
		HideSolutionNode = FALSE
	EndGlobalSection
	GlobalSection(ExtensibilityGlobals) = postSolution
		SolutionGuid = {471753DF-9133-465C-B322-DEE2185A0C80}
	EndGlobalSection
EndGlobal
